lockfileVersion: '9.0'

settings:
  autoInstallPeers: true
  excludeLinksFromLockfile: false

importers:

  .:
    dependencies:
      chart.js:
        specifier: ^3.7.0
        version: 3.9.1
      chartjs-adapter-date-fns:
        specifier: ^3.0.0
        version: 3.0.0(chart.js@3.9.1)(date-fns@4.1.0)
      chartjs-plugin-annotation:
        specifier: ^1.2.2
        version: 1.4.0(chart.js@3.9.1)
      chartjs-plugin-zoom:
        specifier: ^1.2.0
        version: 1.3.0(chart.js@3.9.1)
      date-fns:
        specifier: ^4.1.0
        version: 4.1.0
      lit:
        specifier: ^2.1.1
        version: 2.8.0
      lodash:
        specifier: ^4.17.15
        version: 4.17.21
    devDependencies:
      '@rollup/plugin-commonjs':
        specifier: ^21.0.1
        version: 21.1.0(rollup@2.79.2)
      '@rollup/plugin-json':
        specifier: ^4.1.0
        version: 4.1.0(rollup@2.79.2)
      '@rollup/plugin-node-resolve':
        specifier: ^13.1.3
        version: 13.3.0(rollup@2.79.2)
      prettier:
        specifier: ^2.5.1
        version: 2.8.8
      rollup:
        specifier: ^2.63.0
        version: 2.79.2
      rollup-plugin-serve:
        specifier: ^1.1.0
        version: 1.1.1

packages:

  '@lit-labs/ssr-dom-shim@1.3.0':
    resolution: {integrity: sha512-nQIWonJ6eFAvUUrSlwyHDm/aE8PBDu5kRpL0vHMg6K8fK3Diq1xdPjTnsJSwxABhaZ+5eBi1btQB5ShUTKo4nQ==}

  '@lit/reactive-element@1.6.3':
    resolution: {integrity: sha512-QuTgnG52Poic7uM1AN5yJ09QMe0O28e10XzSvWDz02TJiiKee4stsiownEIadWm8nYzyDAyT+gKzUoZmiWQtsQ==}

  '@rollup/plugin-commonjs@21.1.0':
    resolution: {integrity: sha512-6ZtHx3VHIp2ReNNDxHjuUml6ur+WcQ28N1yHgCQwsbNkQg2suhxGMDQGJOn/KuDxKtd1xuZP5xSTwBA4GQ8hbA==}
    engines: {node: '>= 8.0.0'}
    peerDependencies:
      rollup: ^2.38.3

  '@rollup/plugin-json@4.1.0':
    resolution: {integrity: sha512-yfLbTdNS6amI/2OpmbiBoW12vngr5NW2jCJVZSBEz+H5KfUJZ2M7sDjk0U6GOOdCWFVScShte29o9NezJ53TPw==}
    peerDependencies:
      rollup: ^1.20.0 || ^2.0.0

  '@rollup/plugin-node-resolve@13.3.0':
    resolution: {integrity: sha512-Lus8rbUo1eEcnS4yTFKLZrVumLPY+YayBdWXgFSHYhTT2iJbMhoaaBL3xl5NCdeRytErGr8tZ0L71BMRmnlwSw==}
    engines: {node: '>= 10.0.0'}
    peerDependencies:
      rollup: ^2.42.0

  '@rollup/pluginutils@3.1.0':
    resolution: {integrity: sha512-GksZ6pr6TpIjHm8h9lSQ8pi8BE9VeubNT0OMJ3B5uZJ8pz73NPiqOtCog/x2/QzM1ENChPKxMDhiQuRHsqc+lg==}
    engines: {node: '>= 8.0.0'}
    peerDependencies:
      rollup: ^1.20.0||^2.0.0

  '@types/estree@0.0.39':
    resolution: {integrity: sha512-EYNwp3bU+98cpU4lAWYYL7Zz+2gryWH1qbdDTidVd6hkiR6weksdbMadyXKXNPEkQFhXM+hVO9ZygomHXp+AIw==}

  '@types/estree@1.0.6':
    resolution: {integrity: sha512-AYnb1nQyY49te+VRAVgmzfcgjYS91mY5P0TKUDCLEM+gNnA+3T6rWITXRLYCpahpqSQbN5cE+gHpnPyXjHWxcw==}

  '@types/node@22.13.11':
    resolution: {integrity: sha512-iEUCUJoU0i3VnrCmgoWCXttklWcvoCIx4jzcP22fioIVSdTmjgoEvmAO/QPw6TcS9k5FrNgn4w7q5lGOd1CT5g==}

  '@types/resolve@1.17.1':
    resolution: {integrity: sha512-yy7HuzQhj0dhGpD8RLXSZWEkLsV9ibvxvi6EiJ3bkqLAO1RGo0WbkWQiwpRlSFymTJRz0d3k5LM3kkx8ArDbLw==}

  '@types/trusted-types@2.0.7':
    resolution: {integrity: sha512-ScaPdn1dQczgbl0QFTeTOmVHFULt394XJgOQNoyVhZ6r2vLnMLJfBPd53SB52T/3G36VI1/g2MZaX0cwDuXsfw==}

  balanced-match@1.0.2:
    resolution: {integrity: sha512-3oSeUO0TMV67hN1AmbXsK4yaqU7tjiHlbxRDZOpH0KW9+CeX4bRAaX0Anxt0tx2MrpRpWwQaPwIlISEJhYU5Pw==}

  brace-expansion@1.1.11:
    resolution: {integrity: sha512-iCuPHDFgrHX7H2vEI/5xpz07zSHB00TpugqhmYtVmMO6518mCuRMoOYFldEBl0g187ufozdaHgWKcYFb61qGiA==}

  builtin-modules@3.3.0:
    resolution: {integrity: sha512-zhaCDicdLuWN5UbN5IMnFqNMhNfo919sH85y2/ea+5Yg9TsTkeZxpL+JLbp6cgYFS4sRLp3YV4S6yDuqVWHYOw==}
    engines: {node: '>=6'}

  chart.js@3.9.1:
    resolution: {integrity: sha512-Ro2JbLmvg83gXF5F4sniaQ+lTbSv18E+TIf2cOeiH1Iqd2PGFOtem+DUufMZsCJwFE7ywPOpfXFBwRTGq7dh6w==}

  chartjs-adapter-date-fns@3.0.0:
    resolution: {integrity: sha512-Rs3iEB3Q5pJ973J93OBTpnP7qoGwvq3nUnoMdtxO+9aoJof7UFcRbWcIDteXuYd1fgAvct/32T9qaLyLuZVwCg==}
    peerDependencies:
      chart.js: '>=2.8.0'
      date-fns: '>=2.0.0'

  chartjs-plugin-annotation@1.4.0:
    resolution: {integrity: sha512-OC0eGoVvdxTtGGi8mV3Dr+G1YmMhtYYQWqGMb2uWcgcnyiBslaRKPofKwAYWPbh7ABnmQNsNDQLIKPH+XiaZLA==}
    peerDependencies:
      chart.js: ^3.1.0

  chartjs-plugin-zoom@1.3.0:
    resolution: {integrity: sha512-cMlatkcr8zLP0DW1xikZVLZ0WoaiBEnMthmEotGZ0+p02G8B5WHymr5wRr9qexK5GAmjWrSP68ZFnrJAxqou0A==}
    deprecated: This is deprecated. Use v.1.2.1 or v2.0.0 instead.
    peerDependencies:
      chart.js: '>=3.2.0'

  commondir@1.0.1:
    resolution: {integrity: sha512-W9pAhw0ja1Edb5GVdIF1mjZw/ASI0AlShXM83UUGe2DVr5TdAPEA1OA8m/g8zWp9x6On7gqufY+FatDbC3MDQg==}

  concat-map@0.0.1:
    resolution: {integrity: sha512-/Srv4dswyQNBfohGpz9o6Yb3Gz3SrUDqBH5rTuhGR7ahtlbYKnVxw2bCFMRljaA7EXHaXZ8wsHdodFvbkhKmqg==}

  date-fns@4.1.0:
    resolution: {integrity: sha512-Ukq0owbQXxa/U3EGtsdVBkR1w7KOQ5gIBqdH2hkvknzZPYvBxb/aa6E8L7tmjFtkwZBu3UXBbjIgPo/Ez4xaNg==}

  deepmerge@4.3.1:
    resolution: {integrity: sha512-3sUqbMEc77XqpdNO7FRyRog+eW3ph+GYCbj+rK+uYyRMuwsVy0rMiVtPn+QJlKFvWP/1PYpapqYn0Me2knFn+A==}
    engines: {node: '>=0.10.0'}

  estree-walker@1.0.1:
    resolution: {integrity: sha512-1fMXF3YP4pZZVozF8j/ZLfvnR8NSIljt56UhbZ5PeeDmmGHpgpdwQt7ITlGvYaQukCvuBRMLEiKiYC+oeIg4cg==}

  estree-walker@2.0.2:
    resolution: {integrity: sha512-Rfkk/Mp/DL7JVje3u18FxFujQlTNR2q6QfMSMB7AvCBx91NGj/ba3kCfza0f6dVDbw7YlRf/nDrn7pQrCCyQ/w==}

  fs.realpath@1.0.0:
    resolution: {integrity: sha512-OO0pH2lK6a0hZnAdau5ItzHPI6pUlvI7jMVnxUQRtw4owF2wk8lOSabtGDCTP4Ggrg2MbGnWO9X8K1t4+fGMDw==}

  fsevents@2.3.3:
    resolution: {integrity: sha512-5xoDfX+fL7faATnagmWPpbFtwh/R77WmMMqqHGS65C3vvB0YHrgF+B1YmZ3441tMj5n63k0212XNoJwzlhffQw==}
    engines: {node: ^8.16.0 || ^10.6.0 || >=11.0.0}
    os: [darwin]

  function-bind@1.1.2:
    resolution: {integrity: sha512-7XHNxH7qX9xG5mIwxkhumTox/MIRNcOgDrxWsMt2pAr23WHp6MrRlN7FBSFpCpr+oVO0F744iUgR82nJMfG2SA==}

  glob@7.2.3:
    resolution: {integrity: sha512-nFR0zLpU2YCaRxwoCJvL6UvCH2JFyFVIvwTLsIf21AuHlMskA1hhTdk+LlYJtOlYt9v6dvszD2BGRqBL+iQK9Q==}
    deprecated: Glob versions prior to v9 are no longer supported

  hammerjs@2.0.8:
    resolution: {integrity: sha512-tSQXBXS/MWQOn/RKckawJ61vvsDpCom87JgxiYdGwHdOa0ht0vzUWDlfioofFCRU0L+6NGDt6XzbgoJvZkMeRQ==}
    engines: {node: '>=0.8.0'}

  hasown@2.0.2:
    resolution: {integrity: sha512-0hJU9SCPvmMzIBdZFqNPXWa6dqh7WdH0cII9y+CyS8rG3nL48Bclra9HmKhVVUHyPWNH5Y7xDwAB7bfgSjkUMQ==}
    engines: {node: '>= 0.4'}

  inflight@1.0.6:
    resolution: {integrity: sha512-k92I/b08q4wvFscXCLvqfsHCrjrF7yiXsQuIVvVE7N82W3+aqpzuUdBbfhWcy/FZR3/4IgflMgKLOsvPDrGCJA==}
    deprecated: This module is not supported, and leaks memory. Do not use it. Check out lru-cache if you want a good and tested way to coalesce async requests by a key value, which is much more comprehensive and powerful.

  inherits@2.0.4:
    resolution: {integrity: sha512-k/vGaX4/Yla3WzyMCvTQOXYeIHvqOKtnqBduzTHpzpQZzAskKMhZ2K+EnBiSM9zGSoIFeMpXKxa4dYeZIQqewQ==}

  is-builtin-module@3.2.1:
    resolution: {integrity: sha512-BSLE3HnV2syZ0FK0iMA/yUGplUeMmNz4AW5fnTunbCIqZi4vG3WjJT9FHMy5D69xmAYBHXQhJdALdpwVxV501A==}
    engines: {node: '>=6'}

  is-core-module@2.16.1:
    resolution: {integrity: sha512-UfoeMA6fIJ8wTYFEUjelnaGI67v6+N7qXJEvQuIGa99l4xsCruSYOVSQ0uPANn4dAzm8lkYPaKLrrijLq7x23w==}
    engines: {node: '>= 0.4'}

  is-module@1.0.0:
    resolution: {integrity: sha512-51ypPSPCoTEIN9dy5Oy+h4pShgJmPCygKfyRCISBI+JoWT/2oJvK8QPxmwv7b/p239jXrm9M1mlQbyKJ5A152g==}

  is-reference@1.2.1:
    resolution: {integrity: sha512-U82MsXXiFIrjCK4otLT+o2NA2Cd2g5MLoOVXUZjIOhLurrRxpEXzI8O0KZHr3IjLvlAH1kTPYSuqer5T9ZVBKQ==}

  lit-element@3.3.3:
    resolution: {integrity: sha512-XbeRxmTHubXENkV4h8RIPyr8lXc+Ff28rkcQzw3G6up2xg5E8Zu1IgOWIwBLEQsu3cOVFqdYwiVi0hv0SlpqUA==}

  lit-html@2.8.0:
    resolution: {integrity: sha512-o9t+MQM3P4y7M7yNzqAyjp7z+mQGa4NS4CxiyLqFPyFWyc4O+nodLrkrxSaCTrla6M5YOLaT3RpbbqjszB5g3Q==}

  lit@2.8.0:
    resolution: {integrity: sha512-4Sc3OFX9QHOJaHbmTMk28SYgVxLN3ePDjg7hofEft2zWlehFL3LiAuapWc4U/kYwMYJSh2hTCPZ6/LIC7ii0MA==}

  lodash@4.17.21:
    resolution: {integrity: sha512-v2kDEe57lecTulaDIuNTPy3Ry4gLGJ6Z1O3vE1krgXZNrsQ+LFTGHVxVjcXPs17LhbZVGedAJv8XZ1tvj5FvSg==}

  magic-string@0.25.9:
    resolution: {integrity: sha512-RmF0AsMzgt25qzqqLc1+MbHmhdx0ojF2Fvs4XnOqz2ZOBXzzkEwc/dJQZCYHAn7v1jbVOjAZfK8msRn4BxO4VQ==}

  mime@2.6.0:
    resolution: {integrity: sha512-USPkMeET31rOMiarsBNIHZKLGgvKc/LrjofAnBlOttf5ajRvqiRA8QsenbcooctK6d6Ts6aqZXBA+XbkKthiQg==}
    engines: {node: '>=4.0.0'}
    hasBin: true

  minimatch@3.1.2:
    resolution: {integrity: sha512-J7p63hRiAjw1NDEww1W7i37+ByIrOWO5XQQAzZ3VOcL0PNybwpfmV/N05zFAzwQ9USyEcX6t3UO+K5aqBQOIHw==}

  once@1.4.0:
    resolution: {integrity: sha512-lNaJgI+2Q5URQBkccEKHTQOPaXdUxnZZElQTZY0MFUAuaEqe1E+Nyvgdz/aIyNi6Z9MzO5dv1H8n58/GELp3+w==}

  opener@1.5.2:
    resolution: {integrity: sha512-ur5UIdyw5Y7yEj9wLzhqXiy6GZ3Mwx0yGI+5sMn2r0N0v3cKJvUmFH5yPP+WXh9e0xfyzyJX95D8l088DNFj7A==}
    hasBin: true

  path-is-absolute@1.0.1:
    resolution: {integrity: sha512-AVbw3UJ2e9bq64vSaS9Am0fje1Pa8pbGqTTsmXfaIiMpnr5DlDhfJOuLj9Sf95ZPVDAUerDfEk88MPmPe7UCQg==}
    engines: {node: '>=0.10.0'}

  path-parse@1.0.7:
    resolution: {integrity: sha512-LDJzPVEEEPR+y48z93A0Ed0yXb8pAByGWo/k5YYdYgpY2/2EsOsksJrq7lOHxryrVOn1ejG6oAp8ahvOIQD8sw==}

  picomatch@2.3.1:
    resolution: {integrity: sha512-JU3teHTNjmE2VCGFzuY8EXzCDVwEqB2a8fsIvwaStHhAWJEeVd1o1QD80CU6+ZdEXXSLbSsuLwJjkCBWqRQUVA==}
    engines: {node: '>=8.6'}

  prettier@2.8.8:
    resolution: {integrity: sha512-tdN8qQGvNjw4CHbY+XXk0JgCXn9QiF21a55rBe5LJAU+kDyC4WQn4+awm2Xfk2lQMk5fKup9XgzTZtGkjBdP9Q==}
    engines: {node: '>=10.13.0'}
    hasBin: true

  resolve@1.22.10:
    resolution: {integrity: sha512-NPRy+/ncIMeDlTAsuqwKIiferiawhefFJtkNSW0qZJEqMEb+qBt/77B/jGeeek+F0uOeN05CDa6HXbbIgtVX4w==}
    engines: {node: '>= 0.4'}
    hasBin: true

  rollup-plugin-serve@1.1.1:
    resolution: {integrity: sha512-H0VarZRtFR0lfiiC9/P8jzCDvtFf1liOX4oSdIeeYqUCKrmFA7vNiQ0rg2D+TuoP7leaa/LBR8XBts5viF6lnw==}

  rollup@2.79.2:
    resolution: {integrity: sha512-fS6iqSPZDs3dr/y7Od6y5nha8dW1YnbgtsyotCVvoFGKbERG++CVRFv1meyGDE1SNItQA8BrnCw7ScdAhRJ3XQ==}
    engines: {node: '>=10.0.0'}
    hasBin: true

  sourcemap-codec@1.4.8:
    resolution: {integrity: sha512-9NykojV5Uih4lgo5So5dtw+f0JgJX30KCNI8gwhz2J9A15wD0Ml6tjHKwf6fTSa6fAdVBdZeNOs9eJ71qCk8vA==}
    deprecated: Please use @jridgewell/sourcemap-codec instead

  supports-preserve-symlinks-flag@1.0.0:
    resolution: {integrity: sha512-ot0WnXS9fgdkgIcePe6RHNk1WA8+muPa6cSjeR3V8K27q9BB1rTE3R1p7Hv0z1ZyAc8s6Vvv8DIyWf681MAt0w==}
    engines: {node: '>= 0.4'}

  undici-types@6.20.0:
    resolution: {integrity: sha512-Ny6QZ2Nju20vw1SRHe3d9jVu6gJ+4e3+MMpqu7pqE5HT6WsTSlce++GQmK5UXS8mzV8DSYHrQH+Xrf2jVcuKNg==}

  wrappy@1.0.2:
    resolution: {integrity: sha512-l4Sp/DRseor9wL6EvV2+TuQn63dMkPjZ/sp9XkghTEbV9KlPS1xUsZ3u7/IQO4wxtcFB4bgpQPRcR3QCvezPcQ==}

snapshots:

  '@lit-labs/ssr-dom-shim@1.3.0': {}

  '@lit/reactive-element@1.6.3':
    dependencies:
      '@lit-labs/ssr-dom-shim': 1.3.0

  '@rollup/plugin-commonjs@21.1.0(rollup@2.79.2)':
    dependencies:
      '@rollup/pluginutils': 3.1.0(rollup@2.79.2)
      commondir: 1.0.1
      estree-walker: 2.0.2
      glob: 7.2.3
      is-reference: 1.2.1
      magic-string: 0.25.9
      resolve: 1.22.10
      rollup: 2.79.2

  '@rollup/plugin-json@4.1.0(rollup@2.79.2)':
    dependencies:
      '@rollup/pluginutils': 3.1.0(rollup@2.79.2)
      rollup: 2.79.2

  '@rollup/plugin-node-resolve@13.3.0(rollup@2.79.2)':
    dependencies:
      '@rollup/pluginutils': 3.1.0(rollup@2.79.2)
      '@types/resolve': 1.17.1
      deepmerge: 4.3.1
      is-builtin-module: 3.2.1
      is-module: 1.0.0
      resolve: 1.22.10
      rollup: 2.79.2

  '@rollup/pluginutils@3.1.0(rollup@2.79.2)':
    dependencies:
      '@types/estree': 0.0.39
      estree-walker: 1.0.1
      picomatch: 2.3.1
      rollup: 2.79.2

  '@types/estree@0.0.39': {}

  '@types/estree@1.0.6': {}

  '@types/node@22.13.11':
    dependencies:
      undici-types: 6.20.0

  '@types/resolve@1.17.1':
    dependencies:
      '@types/node': 22.13.11

  '@types/trusted-types@2.0.7': {}

  balanced-match@1.0.2: {}

  brace-expansion@1.1.11:
    dependencies:
      balanced-match: 1.0.2
      concat-map: 0.0.1

  builtin-modules@3.3.0: {}

  chart.js@3.9.1: {}

  chartjs-adapter-date-fns@3.0.0(chart.js@3.9.1)(date-fns@4.1.0):
    dependencies:
      chart.js: 3.9.1
      date-fns: 4.1.0

  chartjs-plugin-annotation@1.4.0(chart.js@3.9.1):
    dependencies:
      chart.js: 3.9.1

  chartjs-plugin-zoom@1.3.0(chart.js@3.9.1):
    dependencies:
      chart.js: 3.9.1
      hammerjs: 2.0.8

  commondir@1.0.1: {}

  concat-map@0.0.1: {}

  date-fns@4.1.0: {}

  deepmerge@4.3.1: {}

  estree-walker@1.0.1: {}

  estree-walker@2.0.2: {}

  fs.realpath@1.0.0: {}

  fsevents@2.3.3:
    optional: true

  function-bind@1.1.2: {}

  glob@7.2.3:
    dependencies:
      fs.realpath: 1.0.0
      inflight: 1.0.6
      inherits: 2.0.4
      minimatch: 3.1.2
      once: 1.4.0
      path-is-absolute: 1.0.1

  hammerjs@2.0.8: {}

  hasown@2.0.2:
    dependencies:
      function-bind: 1.1.2

  inflight@1.0.6:
    dependencies:
      once: 1.4.0
      wrappy: 1.0.2

  inherits@2.0.4: {}

  is-builtin-module@3.2.1:
    dependencies:
      builtin-modules: 3.3.0

  is-core-module@2.16.1:
    dependencies:
      hasown: 2.0.2

  is-module@1.0.0: {}

  is-reference@1.2.1:
    dependencies:
      '@types/estree': 1.0.6

  lit-element@3.3.3:
    dependencies:
      '@lit-labs/ssr-dom-shim': 1.3.0
      '@lit/reactive-element': 1.6.3
      lit-html: 2.8.0

  lit-html@2.8.0:
    dependencies:
      '@types/trusted-types': 2.0.7

  lit@2.8.0:
    dependencies:
      '@lit/reactive-element': 1.6.3
      lit-element: 3.3.3
      lit-html: 2.8.0

  lodash@4.17.21: {}

  magic-string@0.25.9:
    dependencies:
      sourcemap-codec: 1.4.8

  mime@2.6.0: {}

  minimatch@3.1.2:
    dependencies:
      brace-expansion: 1.1.11

  once@1.4.0:
    dependencies:
      wrappy: 1.0.2

  opener@1.5.2: {}

  path-is-absolute@1.0.1: {}

  path-parse@1.0.7: {}

  picomatch@2.3.1: {}

  prettier@2.8.8: {}

  resolve@1.22.10:
    dependencies:
      is-core-module: 2.16.1
      path-parse: 1.0.7
      supports-preserve-symlinks-flag: 1.0.0

  rollup-plugin-serve@1.1.1:
    dependencies:
      mime: 2.6.0
      opener: 1.5.2

  rollup@2.79.2:
    optionalDependencies:
      fsevents: 2.3.3

  sourcemap-codec@1.4.8: {}

  supports-preserve-symlinks-flag@1.0.0: {}

  undici-types@6.20.0: {}

  wrappy@1.0.2: {}
